
Microsoft Visual Studio Solution File, Format Version 12.00
# Visual Studio Version 17
VisualStudioVersion = 17.13.35825.156 d17.13
MinimumVisualStudioVersion = 10.0.40219.1
Project("{FAE04EC0-301F-11D3-BF4B-00C04F79EFBC}") = "Condicionais", "Condicionais\Condicionais.csproj", "{EB9BD32E-B203-4D4C-8D34-1B0F7F1AC583}"
EndProject
Global
	GlobalSection(SolutionConfigurationPlatforms) = preSolution
		Debug|Any CPU = Debug|Any CPU
		Release|Any CPU = Release|Any CPU
	EndGlobalSection
	GlobalSection(ProjectConfigurationPlatforms) = postSolution
		{EB9BD32E-B203-4D4C-8D34-1B0F7F1AC583}.Debug|Any CPU.ActiveCfg = Debug|Any CPU
		{EB9BD32E-B203-4D4C-8D34-1B0F7F1AC583}.Debug|Any CPU.Build.0 = Debug|Any CPU
		{EB9BD32E-B203-4D4C-8D34-1B0F7F1AC583}.Release|Any CPU.ActiveCfg = Release|Any CPU
		{EB9BD32E-B203-4D4C-8D34-1B0F7F1AC583}.Release|Any CPU.Build.0 = Release|Any CPU
	EndGlobalSection
	GlobalSection(SolutionProperties) = preSolution
		HideSolutionNode = FALSE
	EndGlobalSection
	GlobalSection(ExtensibilityGlobals) = postSolution
		SolutionGuid = {BE7C8AB7-6C99-4C87-A638-07C31BFBA59F}
	EndGlobalSection
EndGlobal
