
Microsoft Visual Studio Solution File, Format Version 12.00
# Visual Studio Version 17
VisualStudioVersion = 17.13.35825.156 d17.13
MinimumVisualStudioVersion = 10.0.40219.1
Project("{FAE04EC0-301F-11D3-BF4B-00C04F79EFBC}") = "For", "For\For.csproj", "{B10AD6AD-70D2-4BEC-86DA-3B7FBBFA6F6A}"
EndProject
Global
	GlobalSection(SolutionConfigurationPlatforms) = preSolution
		Debug|Any CPU = Debug|Any CPU
		Release|Any CPU = Release|Any CPU
	EndGlobalSection
	GlobalSection(ProjectConfigurationPlatforms) = postSolution
		{B10AD6AD-70D2-4BEC-86DA-3B7FBBFA6F6A}.Debug|Any CPU.ActiveCfg = Debug|Any CPU
		{B10AD6AD-70D2-4BEC-86DA-3B7FBBFA6F6A}.Debug|Any CPU.Build.0 = Debug|Any CPU
		{B10AD6AD-70D2-4BEC-86DA-3B7FBBFA6F6A}.Release|Any CPU.ActiveCfg = Release|Any CPU
		{B10AD6AD-70D2-4BEC-86DA-3B7FBBFA6F6A}.Release|Any CPU.Build.0 = Release|Any CPU
	EndGlobalSection
	GlobalSection(SolutionProperties) = preSolution
		HideSolutionNode = FALSE
	EndGlobalSection
	GlobalSection(ExtensibilityGlobals) = postSolution
		SolutionGuid = {EF69926E-4A33-4C6F-B842-B8C83EE8526F}
	EndGlobalSection
EndGlobal
