
Microsoft Visual Studio Solution File, Format Version 12.00
# Visual Studio Version 17
VisualStudioVersion = 17.13.35825.156 d17.13
MinimumVisualStudioVersion = 10.0.40219.1
Project("{FAE04EC0-301F-11D3-BF4B-00C04F79EFBC}") = "Foreach", "Foreach\Foreach.csproj", "{5E819A9D-8CFC-4F97-BDD5-A064DA8330CE}"
EndProject
Global
	GlobalSection(SolutionConfigurationPlatforms) = preSolution
		Debug|Any CPU = Debug|Any CPU
		Release|Any CPU = Release|Any CPU
	EndGlobalSection
	GlobalSection(ProjectConfigurationPlatforms) = postSolution
		{5E819A9D-8CFC-4F97-BDD5-A064DA8330CE}.Debug|Any CPU.ActiveCfg = Debug|Any CPU
		{5E819A9D-8CFC-4F97-BDD5-A064DA8330CE}.Debug|Any CPU.Build.0 = Debug|Any CPU
		{5E819A9D-8CFC-4F97-BDD5-A064DA8330CE}.Release|Any CPU.ActiveCfg = Release|Any CPU
		{5E819A9D-8CFC-4F97-BDD5-A064DA8330CE}.Release|Any CPU.Build.0 = Release|Any CPU
	EndGlobalSection
	GlobalSection(SolutionProperties) = preSolution
		HideSolutionNode = FALSE
	EndGlobalSection
	GlobalSection(ExtensibilityGlobals) = postSolution
		SolutionGuid = {B75A6716-8D3B-43C5-ADC0-E70A8E7674D0}
	EndGlobalSection
EndGlobal
