
Microsoft Visual Studio Solution File, Format Version 12.00
# Visual Studio Version 17
VisualStudioVersion = 17.13.35825.156 d17.13
MinimumVisualStudioVersion = 10.0.40219.1
Project("{FAE04EC0-301F-11D3-BF4B-00C04F79EFBC}") = "Operadores", "Operadores\Operadores.csproj", "{853D2F06-8738-43EA-B72C-5983C4E7C314}"
EndProject
Global
	GlobalSection(SolutionConfigurationPlatforms) = preSolution
		Debug|Any CPU = Debug|Any CPU
		Release|Any CPU = Release|Any CPU
	EndGlobalSection
	GlobalSection(ProjectConfigurationPlatforms) = postSolution
		{853D2F06-8738-43EA-B72C-5983C4E7C314}.Debug|Any CPU.ActiveCfg = Debug|Any CPU
		{853D2F06-8738-43EA-B72C-5983C4E7C314}.Debug|Any CPU.Build.0 = Debug|Any CPU
		{853D2F06-8738-43EA-B72C-5983C4E7C314}.Release|Any CPU.ActiveCfg = Release|Any CPU
		{853D2F06-8738-43EA-B72C-5983C4E7C314}.Release|Any CPU.Build.0 = Release|Any CPU
	EndGlobalSection
	GlobalSection(SolutionProperties) = preSolution
		HideSolutionNode = FALSE
	EndGlobalSection
	GlobalSection(ExtensibilityGlobals) = postSolution
		SolutionGuid = {E68FFD9C-3897-4F5F-B6EA-DFF1189213F9}
	EndGlobalSection
EndGlobal
