
Microsoft Visual Studio Solution File, Format Version 12.00
# Visual Studio Version 17
VisualStudioVersion = 17.13.35825.156 d17.13
MinimumVisualStudioVersion = 10.0.40219.1
Project("{FAE04EC0-301F-11D3-BF4B-00C04F79EFBC}") = "Array 2", "Array 2\Array 2.csproj", "{42F90419-69BA-4F65-88A2-4118A97F308C}"
EndProject
Global
	GlobalSection(SolutionConfigurationPlatforms) = preSolution
		Debug|Any CPU = Debug|Any CPU
		Release|Any CPU = Release|Any CPU
	EndGlobalSection
	GlobalSection(ProjectConfigurationPlatforms) = postSolution
		{42F90419-69BA-4F65-88A2-4118A97F308C}.Debug|Any CPU.ActiveCfg = Debug|Any CPU
		{42F90419-69BA-4F65-88A2-4118A97F308C}.Debug|Any CPU.Build.0 = Debug|Any CPU
		{42F90419-69BA-4F65-88A2-4118A97F308C}.Release|Any CPU.ActiveCfg = Release|Any CPU
		{42F90419-69BA-4F65-88A2-4118A97F308C}.Release|Any CPU.Build.0 = Release|Any CPU
	EndGlobalSection
	GlobalSection(SolutionProperties) = preSolution
		HideSolutionNode = FALSE
	EndGlobalSection
	GlobalSection(ExtensibilityGlobals) = postSolution
		SolutionGuid = {ED319506-663D-4D89-89A8-ADD85C218196}
	EndGlobalSection
EndGlobal
