
Microsoft Visual Studio Solution File, Format Version 12.00
# Visual Studio Version 17
VisualStudioVersion = 17.13.35825.156 d17.13
MinimumVisualStudioVersion = 10.0.40219.1
Project("{FAE04EC0-301F-11D3-BF4B-00C04F79EFBC}") = "Enum", "Enum\Enum.csproj", "{6B069373-811D-49EE-8D18-592F9AFCDDCE}"
EndProject
Global
	GlobalSection(SolutionConfigurationPlatforms) = preSolution
		Debug|Any CPU = Debug|Any CPU
		Release|Any CPU = Release|Any CPU
	EndGlobalSection
	GlobalSection(ProjectConfigurationPlatforms) = postSolution
		{6B069373-811D-49EE-8D18-592F9AFCDDCE}.Debug|Any CPU.ActiveCfg = Debug|Any CPU
		{6B069373-811D-49EE-8D18-592F9AFCDDCE}.Debug|Any CPU.Build.0 = Debug|Any CPU
		{6B069373-811D-49EE-8D18-592F9AFCDDCE}.Release|Any CPU.ActiveCfg = Release|Any CPU
		{6B069373-811D-49EE-8D18-592F9AFCDDCE}.Release|Any CPU.Build.0 = Release|Any CPU
	EndGlobalSection
	GlobalSection(SolutionProperties) = preSolution
		HideSolutionNode = FALSE
	EndGlobalSection
	GlobalSection(ExtensibilityGlobals) = postSolution
		SolutionGuid = {DF88BE91-6C38-4F42-B2C9-6048E235AE9C}
	EndGlobalSection
EndGlobal
