
Microsoft Visual Studio Solution File, Format Version 12.00
# Visual Studio Version 17
VisualStudioVersion = 17.13.35825.156 d17.13
MinimumVisualStudioVersion = 10.0.40219.1
Project("{FAE04EC0-301F-11D3-BF4B-00C04F79EFBC}") = "While", "While\While.csproj", "{4E1026E6-388E-4278-8902-D5CD4A8BFEA5}"
EndProject
Global
	GlobalSection(SolutionConfigurationPlatforms) = preSolution
		Debug|Any CPU = Debug|Any CPU
		Release|Any CPU = Release|Any CPU
	EndGlobalSection
	GlobalSection(ProjectConfigurationPlatforms) = postSolution
		{4E1026E6-388E-4278-8902-D5CD4A8BFEA5}.Debug|Any CPU.ActiveCfg = Debug|Any CPU
		{4E1026E6-388E-4278-8902-D5CD4A8BFEA5}.Debug|Any CPU.Build.0 = Debug|Any CPU
		{4E1026E6-388E-4278-8902-D5CD4A8BFEA5}.Release|Any CPU.ActiveCfg = Release|Any CPU
		{4E1026E6-388E-4278-8902-D5CD4A8BFEA5}.Release|Any CPU.Build.0 = Release|Any CPU
	EndGlobalSection
	GlobalSection(SolutionProperties) = preSolution
		HideSolutionNode = FALSE
	EndGlobalSection
	GlobalSection(ExtensibilityGlobals) = postSolution
		SolutionGuid = {1756373B-DD3C-40C0-84B5-A809CF6D19BE}
	EndGlobalSection
EndGlobal
