
Microsoft Visual Studio Solution File, Format Version 12.00
# Visual Studio Version 17
VisualStudioVersion = 17.13.35825.156 d17.13
MinimumVisualStudioVersion = 10.0.40219.1
Project("{FAE04EC0-301F-11D3-BF4B-00C04F79EFBC}") = "Calculadora", "Calculadora\Calculadora.csproj", "{9F3C9FDB-850F-4D41-AC2A-C6D909471C06}"
EndProject
Global
	GlobalSection(SolutionConfigurationPlatforms) = preSolution
		Debug|Any CPU = Debug|Any CPU
		Release|Any CPU = Release|Any CPU
	EndGlobalSection
	GlobalSection(ProjectConfigurationPlatforms) = postSolution
		{9F3C9FDB-850F-4D41-AC2A-C6D909471C06}.Debug|Any CPU.ActiveCfg = Debug|Any CPU
		{9F3C9FDB-850F-4D41-AC2A-C6D909471C06}.Debug|Any CPU.Build.0 = Debug|Any CPU
		{9F3C9FDB-850F-4D41-AC2A-C6D909471C06}.Release|Any CPU.ActiveCfg = Release|Any CPU
		{9F3C9FDB-850F-4D41-AC2A-C6D909471C06}.Release|Any CPU.Build.0 = Release|Any CPU
	EndGlobalSection
	GlobalSection(SolutionProperties) = preSolution
		HideSolutionNode = FALSE
	EndGlobalSection
	GlobalSection(ExtensibilityGlobals) = postSolution
		SolutionGuid = {511D9260-0F04-4505-A114-B364291205A4}
	EndGlobalSection
EndGlobal
